version = 1
revision = 3
requires-python = ">=3.13"

[[package]]
name = "certifi"
version = "2026.1.4"
source = { registry = "https://pypi.org/simple" }
sdist = { url = "https://files.pythonhosted.org/packages/e0/2d/a891ca51311197f6ad14a7ef42e2399f36cf2f9bd44752b3dc4eab60fdc5/certifi-2026.1.4.tar.gz", hash = "sha256:ac726dd470482006e014ad384921ed6438c457018f4b3d204aea4281258b2120", size = 154268, upload-time = "2026-01-04T02:42:41.825Z" }
wheels = [
    { url = "https://files.pythonhosted.org/packages/e6/ad/3cc14f097111b4de0040c83a525973216457bbeeb63739ef1ed275c1c021/certifi-2026.1.4-py3-none-any.whl", hash = "sha256:9943707519e4add1115f44c2bc244f782c0249876bf51b6599fee1ffbedd685c", size = 152900, upload-time = "2026-01-04T02:42:40.15Z" },
]

[[package]]
name = "charset-normalizer"
version = "3.4.4"
source = { registry = "https://pypi.org/simple" }
sdist = { url = "https://files.pythonhosted.org/packages/13/69/33ddede1939fdd074bce5434295f38fae7136463422fe4fd3e0e89b98062/charset_normalizer-3.4.4.tar.gz", hash = "sha256:94537985111c35f28720e43603b8e7b43a6ecfb2ce1d3058bbe955b73404e21a", size = 129418, upload-time = "2025-10-14T04:42:32.879Z" }
wheels = [
    { url = "https://files.pythonhosted.org/packages/97/45/4b3a1239bbacd321068ea6e7ac28875b03ab8bc0aa0966452db17cd36714/charset_normalizer-3.4.4-cp313-cp313-macosx_10_13_universal2.whl", hash = "sha256:e1f185f86a6f3403aa2420e815904c67b2f9ebc443f045edd0de921108345794", size = 208091, upload-time = "2025-10-14T04:41:13.346Z" },
    { url = "https://files.pythonhosted.org/packages/7d/62/73a6d7450829655a35bb88a88fca7d736f9882a27eacdca2c6d505b57e2e/charset_normalizer-3.4.4-cp313-cp313-manylinux2014_aarch64.manylinux_2_17_aarch64.manylinux_2_28_aarch64.whl", hash = "sha256:6b39f987ae8ccdf0d2642338faf2abb1862340facc796048b604ef14919e55ed", size = 147936, upload-time = "2025-10-14T04:41:14.461Z" },
    { url = "https://files.pythonhosted.org/packages/89/c5/adb8c8b3d6625bef6d88b251bbb0d95f8205831b987631ab0c8bb5d937c2/charset_normalizer-3.4.4-cp313-cp313-manylinux2014_armv7l.manylinux_2_17_armv7l.manylinux_2_31_armv7l.whl", hash = "sha256:3162d5d8ce1bb98dd51af660f2121c55d0fa541b46dff7bb9b9f86ea1d87de72", size = 144180, upload-time = "2025-10-14T04:41:15.588Z" },
    { url = "https://files.pythonhosted.org/packages/91/ed/9706e4070682d1cc219050b6048bfd293ccf67b3d4f5a4f39207453d4b99/charset_normalizer-3.4.4-cp313-cp313-manylinux2014_ppc64le.manylinux_2_17_ppc64le.manylinux_2_28_ppc64le.whl", hash = "sha256:81d5eb2a312700f4ecaa977a8235b634ce853200e828fbadf3a9c50bab278328", size = 161346, upload-time = "2025-10-14T04:41:16.738Z" },
    { url = "https://files.pythonhosted.org/packages/d5/0d/031f0d95e4972901a2f6f09ef055751805ff541511dc1252ba3ca1f80cf5/charset_normalizer-3.4.4-cp313-cp313-manylinux2014_s390x.manylinux_2_17_s390x.manylinux_2_28_s390x.whl", hash = "sha256:5bd2293095d766545ec1a8f612559f6b40abc0eb18bb2f5d1171872d34036ede", size = 158874, upload-time = "2025-10-14T04:41:17.923Z" },
    { url = "https://files.pythonhosted.org/packages/f5/83/6ab5883f57c9c801ce5e5677242328aa45592be8a00644310a008d04f922/charset_normalizer-3.4.4-cp313-cp313-manylinux2014_x86_64.manylinux_2_17_x86_64.manylinux_2_28_x86_64.whl", hash = "sha256:a8a8b89589086a25749f471e6a900d3f662d1d3b6e2e59dcecf787b1cc3a1894", size = 153076, upload-time = "2025-10-14T04:41:19.106Z" },
    { url = "https://files.pythonhosted.org/packages/75/1e/5ff781ddf5260e387d6419959ee89ef13878229732732ee73cdae01800f2/charset_normalizer-3.4.4-cp313-cp313-manylinux_2_31_riscv64.manylinux_2_39_riscv64.whl", hash = "sha256:bc7637e2f80d8530ee4a78e878bce464f70087ce73cf7c1caf142416923b98f1", size = 150601, upload-time = "2025-10-14T04:41:20.245Z" },
    { url = "https://files.pythonhosted.org/packages/d7/57/71be810965493d3510a6ca79b90c19e48696fb1ff964da319334b12677f0/charset_normalizer-3.4.4-cp313-cp313-musllinux_1_2_aarch64.whl", hash = "sha256:f8bf04158c6b607d747e93949aa60618b61312fe647a6369f88ce2ff16043490", size = 150376, upload-time = "2025-10-14T04:41:21.398Z" },
    { url = "https://files.pythonhosted.org/packages/e5/d5/c3d057a78c181d007014feb7e9f2e65905a6c4ef182c0ddf0de2924edd65/charset_normalizer-3.4.4-cp313-cp313-musllinux_1_2_armv7l.whl", hash = "sha256:554af85e960429cf30784dd47447d5125aaa3b99a6f0683589dbd27e2f45da44", size = 144825, upload-time = "2025-10-14T04:41:22.583Z" },
    { url = "https://files.pythonhosted.org/packages/e6/8c/d0406294828d4976f275ffbe66f00266c4b3136b7506941d87c00cab5272/charset_normalizer-3.4.4-cp313-cp313-musllinux_1_2_ppc64le.whl", hash = "sha256:74018750915ee7ad843a774364e13a3db91682f26142baddf775342c3f5b1133", size = 162583, upload-time = "2025-10-14T04:41:23.754Z" },
    { url = "https://files.pythonhosted.org/packages/d7/24/e2aa1f18c8f15c4c0e932d9287b8609dd30ad56dbe41d926bd846e22fb8d/charset_normalizer-3.4.4-cp313-cp313-musllinux_1_2_riscv64.whl", hash = "sha256:c0463276121fdee9c49b98908b3a89c39be45d86d1dbaa22957e38f6321d4ce3", size = 150366, upload-time = "2025-10-14T04:41:25.27Z" },
    { url = "https://files.pythonhosted.org/packages/e4/5b/1e6160c7739aad1e2df054300cc618b06bf784a7a164b0f238360721ab86/charset_normalizer-3.4.4-cp313-cp313-musllinux_1_2_s390x.whl", hash = "sha256:362d61fd13843997c1c446760ef36f240cf81d3ebf74ac62652aebaf7838561e", size = 160300, upload-time = "2025-10-14T04:41:26.725Z" },
    { url = "https://files.pythonhosted.org/packages/7a/10/f882167cd207fbdd743e55534d5d9620e095089d176d55cb22d5322f2afd/charset_normalizer-3.4.4-cp313-cp313-musllinux_1_2_x86_64.whl", hash = "sha256:9a26f18905b8dd5d685d6d07b0cdf98a79f3c7a918906af7cc143ea2e164c8bc", size = 154465, upload-time = "2025-10-14T04:41:28.322Z" },
    { url = "https://files.pythonhosted.org/packages/89/66/c7a9e1b7429be72123441bfdbaf2bc13faab3f90b933f664db506dea5915/charset_normalizer-3.4.4-cp313-cp313-win32.whl", hash = "sha256:9b35f4c90079ff2e2edc5b26c0c77925e5d2d255c42c74fdb70fb49b172726ac", size = 99404, upload-time = "2025-10-14T04:41:29.95Z" },
    { url = "https://files.pythonhosted.org/packages/c4/26/b9924fa27db384bdcd97ab83b4f0a8058d96ad9626ead570674d5e737d90/charset_normalizer-3.4.4-cp313-cp313-win_amd64.whl", hash = "sha256:b435cba5f4f750aa6c0a0d92c541fb79f69a387c91e61f1795227e4ed9cece14", size = 107092, upload-time = "2025-10-14T04:41:31.188Z" },
    { url = "https://files.pythonhosted.org/packages/af/8f/3ed4bfa0c0c72a7ca17f0380cd9e4dd842b09f664e780c13cff1dcf2ef1b/charset_normalizer-3.4.4-cp313-cp313-win_arm64.whl", hash = "sha256:542d2cee80be6f80247095cc36c418f7bddd14f4a6de45af91dfad36d817bba2", size = 100408, upload-time = "2025-10-14T04:41:32.624Z" },
    { url = "https://files.pythonhosted.org/packages/2a/35/7051599bd493e62411d6ede36fd5af83a38f37c4767b92884df7301db25d/charset_normalizer-3.4.4-cp314-cp314-macosx_10_13_universal2.whl", hash = "sha256:da3326d9e65ef63a817ecbcc0df6e94463713b754fe293eaa03da99befb9a5bd", size = 207746, upload-time = "2025-10-14T04:41:33.773Z" },
    { url = "https://files.pythonhosted.org/packages/10/9a/97c8d48ef10d6cd4fcead2415523221624bf58bcf68a802721a6bc807c8f/charset_normalizer-3.4.4-cp314-cp314-manylinux2014_aarch64.manylinux_2_17_aarch64.manylinux_2_28_aarch64.whl", hash = "sha256:8af65f14dc14a79b924524b1e7fffe304517b2bff5a58bf64f30b98bbc5079eb", size = 147889, upload-time = "2025-10-14T04:41:34.897Z" },
    { url = "https://files.pythonhosted.org/packages/10/bf/979224a919a1b606c82bd2c5fa49b5c6d5727aa47b4312bb27b1734f53cd/charset_normalizer-3.4.4-cp314-cp314-manylinux2014_armv7l.manylinux_2_17_armv7l.manylinux_2_31_armv7l.whl", hash = "sha256:74664978bb272435107de04e36db5a9735e78232b85b77d45cfb38f758efd33e", size = 143641, upload-time = "2025-10-14T04:41:36.116Z" },
    { url = "https://files.pythonhosted.org/packages/ba/33/0ad65587441fc730dc7bd90e9716b30b4702dc7b617e6ba4997dc8651495/charset_normalizer-3.4.4-cp314-cp314-manylinux2014_ppc64le.manylinux_2_17_ppc64le.manylinux_2_28_ppc64le.whl", hash = "sha256:752944c7ffbfdd10c074dc58ec2d5a8a4cd9493b314d367c14d24c17684ddd14", size = 160779, upload-time = "2025-10-14T04:41:37.229Z" },
    { url = "https://files.pythonhosted.org/packages/67/ed/331d6b249259ee71ddea93f6f2f0a56cfebd46938bde6fcc6f7b9a3d0e09/charset_normalizer-3.4.4-cp314-cp314-manylinux2014_s390x.manylinux_2_17_s390x.manylinux_2_28_s390x.whl", hash = "sha256:d1f13550535ad8cff21b8d757a3257963e951d96e20ec82ab44bc64aeb62a191", size = 159035, upload-time = "2025-10-14T04:41:38.368Z" },
    { url = "https://files.pythonhosted.org/packages/67/ff/f6b948ca32e4f2a4576aa129d8bed61f2e0543bf9f5f2b7fc3758ed005c9/charset_normalizer-3.4.4-cp314-cp314-manylinux2014_x86_64.manylinux_2_17_x86_64.manylinux_2_28_x86_64.whl", hash = "sha256:ecaae4149d99b1c9e7b88bb03e3221956f68fd6d50be2ef061b2381b61d20838", size = 152542, upload-time = "2025-10-14T04:41:39.862Z" },
    { url = "https://files.pythonhosted.org/packages/16/85/276033dcbcc369eb176594de22728541a925b2632f9716428c851b149e83/charset_normalizer-3.4.4-cp314-cp314-manylinux_2_31_riscv64.manylinux_2_39_riscv64.whl", hash = "sha256:cb6254dc36b47a990e59e1068afacdcd02958bdcce30bb50cc1700a8b9d624a6", size = 149524, upload-time = "2025-10-14T04:41:41.319Z" },
    { url = "https://files.pythonhosted.org/packages/9e/f2/6a2a1f722b6aba37050e626530a46a68f74e63683947a8acff92569f979a/charset_normalizer-3.4.4-cp314-cp314-musllinux_1_2_aarch64.whl", hash = "sha256:c8ae8a0f02f57a6e61203a31428fa1d677cbe50c93622b4149d5c0f319c1d19e", size = 150395, upload-time = "2025-10-14T04:41:42.539Z" },
    { url = "https://files.pythonhosted.org/packages/60/bb/2186cb2f2bbaea6338cad15ce23a67f9b0672929744381e28b0592676824/charset_normalizer-3.4.4-cp314-cp314-musllinux_1_2_armv7l.whl", hash = "sha256:47cc91b2f4dd2833fddaedd2893006b0106129d4b94fdb6af1f4ce5a9965577c", size = 143680, upload-time = "2025-10-14T04:41:43.661Z" },
    { url = "https://files.pythonhosted.org/packages/7d/a5/bf6f13b772fbb2a90360eb620d52ed8f796f3c5caee8398c3b2eb7b1c60d/charset_normalizer-3.4.4-cp314-cp314-musllinux_1_2_ppc64le.whl", hash = "sha256:82004af6c302b5d3ab2cfc4cc5f29db16123b1a8417f2e25f9066f91d4411090", size = 162045, upload-time = "2025-10-14T04:41:44.821Z" },
    { url = "https://files.pythonhosted.org/packages/df/c5/d1be898bf0dc3ef9030c3825e5d3b83f2c528d207d246cbabe245966808d/charset_normalizer-3.4.4-cp314-cp314-musllinux_1_2_riscv64.whl", hash = "sha256:2b7d8f6c26245217bd2ad053761201e9f9680f8ce52f0fcd8d0755aeae5b2152", size = 149687, upload-time = "2025-10-14T04:41:46.442Z" },
    { url = "https://files.pythonhosted.org/packages/a5/42/90c1f7b9341eef50c8a1cb3f098ac43b0508413f33affd762855f67a410e/charset_normalizer-3.4.4-cp314-cp314-musllinux_1_2_s390x.whl", hash = "sha256:799a7a5e4fb2d5898c60b640fd4981d6a25f1c11790935a44ce38c54e985f828", size = 160014, upload-time = "2025-10-14T04:41:47.631Z" },
    { url = "https://files.pythonhosted.org/packages/76/be/4d3ee471e8145d12795ab655ece37baed0929462a86e72372fd25859047c/charset_normalizer-3.4.4-cp314-cp314-musllinux_1_2_x86_64.whl", hash = "sha256:99ae2cffebb06e6c22bdc25801d7b30f503cc87dbd283479e7b606f70aff57ec", size = 154044, upload-time = "2025-10-14T04:41:48.81Z" },
    { url = "https://files.pythonhosted.org/packages/b0/6f/8f7af07237c34a1defe7defc565a9bc1807762f672c0fde711a4b22bf9c0/charset_normalizer-3.4.4-cp314-cp314-win32.whl", hash = "sha256:f9d332f8c2a2fcbffe1378594431458ddbef721c1769d78e2cbc06280d8155f9", size = 99940, upload-time = "2025-10-14T04:41:49.946Z" },
    { url = "https://files.pythonhosted.org/packages/4b/51/8ade005e5ca5b0d80fb4aff72a3775b325bdc3d27408c8113811a7cbe640/charset_normalizer-3.4.4-cp314-cp314-win_amd64.whl", hash = "sha256:8a6562c3700cce886c5be75ade4a5db4214fda19fede41d9792d100288d8f94c", size = 107104, upload-time = "2025-10-14T04:41:51.051Z" },
    { url = "https://files.pythonhosted.org/packages/da/5f/6b8f83a55bb8278772c5ae54a577f3099025f9ade59d0136ac24a0df4bde/charset_normalizer-3.4.4-cp314-cp314-win_arm64.whl", hash = "sha256:de00632ca48df9daf77a2c65a484531649261ec9f25489917f09e455cb09ddb2", size = 100743, upload-time = "2025-10-14T04:41:52.122Z" },
    { url = "https://files.pythonhosted.org/packages/0a/4c/925909008ed5a988ccbb72dcc897407e5d6d3bd72410d69e051fc0c14647/charset_normalizer-3.4.4-py3-none-any.whl", hash = "sha256:7a32c560861a02ff789ad905a2fe94e3f840803362c84fecf1851cb4cf3dc37f", size = 53402, upload-time = "2025-10-14T04:42:31.76Z" },
]

[[package]]
name = "docutils"
version = "0.22.4"
source = { registry = "https://pypi.org/simple" }
sdist = { url = "https://files.pythonhosted.org/packages/ae/b6/03bb70946330e88ffec97aefd3ea75ba575cb2e762061e0e62a213befee8/docutils-0.22.4.tar.gz", hash = "sha256:4db53b1fde9abecbb74d91230d32ab626d94f6badfc575d6db9194a49df29968", size = 2291750, upload-time = "2025-12-18T19:00:26.443Z" }
wheels = [
    { url = "https://files.pythonhosted.org/packages/02/10/5da547df7a391dcde17f59520a231527b8571e6f46fc8efb02ccb370ab12/docutils-0.22.4-py3-none-any.whl", hash = "sha256:d0013f540772d1420576855455d050a2180186c91c15779301ac2ccb3eeb68de", size = 633196, upload-time = "2025-12-18T19:00:18.077Z" },
]

[[package]]
name = "filetype"
version = "1.2.0"
source = { registry = "https://pypi.org/simple" }
sdist = { url = "https://files.pythonhosted.org/packages/bb/29/745f7d30d47fe0f251d3ad3dc2978a23141917661998763bebb6da007eb1/filetype-1.2.0.tar.gz", hash = "sha256:66b56cd6474bf41d8c54660347d37afcc3f7d1970648de365c102ef77548aadb", size = 998020, upload-time = "2022-11-02T17:34:04.141Z" }
wheels = [
    { url = "https://files.pythonhosted.org/packages/18/79/1b8fa1bb3568781e84c9200f951c735f3f157429f44be0495da55894d620/filetype-1.2.0-py2.py3-none-any.whl", hash = "sha256:7ce71b6880181241cf7ac8697a2f1eb6a8bd9b429f7ad6d27b8db9ba5f1c2d25", size = 19970, upload-time = "2022-11-02T17:34:01.425Z" },
]

[[package]]
name = "idna"
version = "3.11"
source = { registry = "https://pypi.org/simple" }
sdist = { url = "https://files.pythonhosted.org/packages/6f/6d/0703ccc57f3a7233505399edb88de3cbd678da106337b9fcde432b65ed60/idna-3.11.tar.gz", hash = "sha256:795dafcc9c04ed0c1fb032c2aa73654d8e8c5023a7df64a53f39190ada629902", size = 194582, upload-time = "2025-10-12T14:55:20.501Z" }
wheels = [
    { url = "https://files.pythonhosted.org/packages/0e/61/66938bbb5fc52dbdf84594873d5b51fb1f7c7794e9c0f5bd885f30bc507b/idna-3.11-py3-none-any.whl", hash = "sha256:771a87f49d9defaf64091e6e6fe9c18d4833f140bd19464795bc32d966ca37ea", size = 71008, upload-time = "2025-10-12T14:55:18.883Z" },
]

[[package]]
name = "ijson"
version = "3.5.0"
source = { registry = "https://pypi.org/simple" }
sdist = { url = "https://files.pythonhosted.org/packages/f4/57/60d1a6a512f2f0508d0bc8b4f1cc5616fd3196619b66bd6a01f9155a1292/ijson-3.5.0.tar.gz", hash = "sha256:94688760720e3f5212731b3cb8d30267f9a045fb38fb3870254e7b9504246f31", size = 68658, upload-time = "2026-02-24T03:58:30.974Z" }
wheels = [
    { url = "https://files.pythonhosted.org/packages/a2/71/d67e764a712c3590627480643a3b51efcc3afa4ef3cb54ee4c989073c97e/ijson-3.5.0-cp313-cp313-macosx_10_13_universal2.whl", hash = "sha256:e9cedc10e40dd6023c351ed8bfc7dcfce58204f15c321c3c1546b9c7b12562a4", size = 88544, upload-time = "2026-02-24T03:57:21.293Z" },
    { url = "https://files.pythonhosted.org/packages/1a/39/f1c299371686153fa3cf5c0736b96247a87a1bee1b7145e6d21f359c505a/ijson-3.5.0-cp313-cp313-macosx_10_13_x86_64.whl", hash = "sha256:3647649f782ee06c97490b43680371186651f3f69bebe64c6083ee7615d185e5", size = 60495, upload-time = "2026-02-24T03:57:22.501Z" },
    { url = "https://files.pythonhosted.org/packages/16/94/b1438e204d75e01541bebe3e668fe3e68612d210e9931ae1611062dd0a56/ijson-3.5.0-cp313-cp313-macosx_11_0_arm64.whl", hash = "sha256:90e74be1dce05fce73451c62d1118671f78f47c9f6be3991c82b91063bf01fc9", size = 60325, upload-time = "2026-02-24T03:57:23.332Z" },
    { url = "https://files.pythonhosted.org/packages/30/e2/4aa9c116fa86cc8b0f574f3c3a47409edc1cd4face05d0e589a5a176b05d/ijson-3.5.0-cp313-cp313-manylinux1_i686.manylinux_2_28_i686.manylinux_2_5_i686.whl", hash = "sha256:78e9ad73e7be2dd80627504bd5cbf512348c55ce2c06e362ed7683b5220e8568", size = 138774, upload-time = "2026-02-24T03:57:24.683Z" },
    { url = "https://files.pythonhosted.org/packages/d2/d2/738b88752a70c3be1505faa4dcd7110668c2712e582a6a36488ed1e295d4/ijson-3.5.0-cp313-cp313-manylinux2014_aarch64.manylinux_2_17_aarch64.manylinux_2_28_aarch64.whl", hash = "sha256:9577449313cc94be89a4fe4b3e716c65f09cc19636d5a6b2861c4e80dddebd58", size = 149820, upload-time = "2026-02-24T03:57:26.062Z" },
    { url = "https://files.pythonhosted.org/packages/ed/df/0b3ab9f393ca8f72ea03bc896ba9fdc987e90ae08cdb51c32a4ee0c14d5e/ijson-3.5.0-cp313-cp313-manylinux2014_x86_64.manylinux_2_17_x86_64.manylinux_2_28_x86_64.whl", hash = "sha256:3e4c1178fb50aff5f5701a30a5152ead82a14e189ce0f6102fa1b5f10b2f54ff", size = 149747, upload-time = "2026-02-24T03:57:27.308Z" },
    { url = "https://files.pythonhosted.org/packages/cc/a3/b0037119f75131b78cb00acc2657b1a9d0435475f1f2c5f8f5a170b66b9c/ijson-3.5.0-cp313-cp313-musllinux_1_2_aarch64.whl", hash = "sha256:0eb402ab026ffb37a918d75af2b7260fe6cfbce13232cc83728a714dd30bd81d", size = 151027, upload-time = "2026-02-24T03:57:28.522Z" },
    { url = "https://files.pythonhosted.org/packages/22/a0/cb344de1862bf09d8f769c9d25c944078c87dd59a1b496feec5ad96309a4/ijson-3.5.0-cp313-cp313-musllinux_1_2_i686.whl", hash = "sha256:5b08ee08355f9f729612a8eb9bf69cc14f9310c3b2a487c6f1c3c65d85216ec4", size = 142996, upload-time = "2026-02-24T03:57:29.774Z" },
    { url = "https://files.pythonhosted.org/packages/ca/32/a8ffd67182e02ea61f70f62daf43ded4fa8a830a2520a851d2782460aba8/ijson-3.5.0-cp313-cp313-musllinux_1_2_x86_64.whl", hash = "sha256:bda62b6d48442903e7bf56152108afb7f0f1293c2b9bef2f2c369defea76ab18", size = 152068, upload-time = "2026-02-24T03:57:30.969Z" },
    { url = "https://files.pythonhosted.org/packages/3c/d1/3578df8e75d446aab0ae92e27f641341f586b85e1988536adebc65300cb4/ijson-3.5.0-cp313-cp313-win32.whl", hash = "sha256:8d073d9b13574cfa11083cc7267c238b7a6ed563c2661e79192da4a25f09c82c", size = 53065, upload-time = "2026-02-24T03:57:31.93Z" },
    { url = "https://files.pythonhosted.org/packages/fb/a2/f7cdaf5896710da3e69e982e44f015a83d168aa0f3a89b6f074b5426779d/ijson-3.5.0-cp313-cp313-win_amd64.whl", hash = "sha256:2419f9e32e0968a876b04d8f26aeac042abd16f582810b576936bbc4c6015069", size = 55499, upload-time = "2026-02-24T03:57:32.773Z" },
    { url = "https://files.pythonhosted.org/packages/42/65/13e2492d17e19a2084523e18716dc2809159f2287fd2700c735f311e76c4/ijson-3.5.0-cp313-cp313t-macosx_10_13_universal2.whl", hash = "sha256:4d4b0cd676b8c842f7648c1a783448fac5cd3b98289abd83711b3e275e143524", size = 93019, upload-time = "2026-02-24T03:57:33.976Z" },
    { url = "https://files.pythonhosted.org/packages/33/92/483fc97ece0c3f1cecabf48f6a7a36e89d19369eec462faaeaa34c788992/ijson-3.5.0-cp313-cp313t-macosx_10_13_x86_64.whl", hash = "sha256:252dec3680a48bb82d475e36b4ae1b3a9d7eb690b951bb98a76c5fe519e30188", size = 62714, upload-time = "2026-02-24T03:57:34.819Z" },
    { url = "https://files.pythonhosted.org/packages/4b/88/793fe020a0fe9d9eed4c285cf4a5cfdb0a935708b3bde0d72f35c794b513/ijson-3.5.0-cp313-cp313t-macosx_11_0_arm64.whl", hash = "sha256:aa1b5dca97d323931fde2501172337384c958914d81a9dac7f00f0d4bfc76bc7", size = 62460, upload-time = "2026-02-24T03:57:35.874Z" },
    { url = "https://files.pythonhosted.org/packages/51/69/f1a2690aa8d4df1f4e262b385e65a933ffdc250b091531bac9a449c19e16/ijson-3.5.0-cp313-cp313t-manylinux1_i686.manylinux_2_28_i686.manylinux_2_5_i686.whl", hash = "sha256:7a5ec7fd86d606094bba6f6f8f87494897102fa4584ef653f3005c51a784c320", size = 199273, upload-time = "2026-02-24T03:57:37.07Z" },
    { url = "https://files.pythonhosted.org/packages/ea/a2/f1346d5299e79b988ab472dc773d5381ec2d57c23cb2f1af3ede4a810e62/ijson-3.5.0-cp313-cp313t-manylinux2014_aarch64.manylinux_2_17_aarch64.manylinux_2_28_aarch64.whl", hash = "sha256:009f41443e1521847701c6d87fa3923c0b1961be3c7e7de90947c8cb92ea7c44", size = 216884, upload-time = "2026-02-24T03:57:38.346Z" },
    { url = "https://files.pythonhosted.org/packages/28/3c/8b637e869be87799e6c2c3c275a30a546f086b1aed77e2b7f11512168c5a/ijson-3.5.0-cp313-cp313t-manylinux2014_x86_64.manylinux_2_17_x86_64.manylinux_2_28_x86_64.whl", hash = "sha256:e4c3651d1f9fe2839a93fdf8fd1d5ca3a54975349894249f3b1b572bcc4bd577", size = 207306, upload-time = "2026-02-24T03:57:39.718Z" },
    { url = "https://files.pythonhosted.org/packages/7f/7c/18b1c1df6951ca056782d7580ec40cea4ff9a27a0947d92640d1cc8c4ae3/ijson-3.5.0-cp313-cp313t-musllinux_1_2_aarch64.whl", hash = "sha256:945b7abcfcfeae2cde17d8d900870f03536494245dda7ad4f8d056faa303256c", size = 211364, upload-time = "2026-02-24T03:57:40.953Z" },
    { url = "https://files.pythonhosted.org/packages/f3/55/e795812e82851574a9dba8a53fde045378f531ef14110c6fb55dbd23b443/ijson-3.5.0-cp313-cp313t-musllinux_1_2_i686.whl", hash = "sha256:0574b0a841ff97495c13e9d7260fbf3d85358b061f540c52a123db9dbbaa2ed6", size = 200608, upload-time = "2026-02-24T03:57:42.272Z" },
    { url = "https://files.pythonhosted.org/packages/5c/cd/013c85b4749b57a4cb4c2670014d1b32b8db4ab1a7be92ea7aeb5d7fe7b5/ijson-3.5.0-cp313-cp313t-musllinux_1_2_x86_64.whl", hash = "sha256:f969ffb2b89c5cdf686652d7fb66252bc72126fa54d416317411497276056a18", size = 205127, upload-time = "2026-02-24T03:57:43.286Z" },
    { url = "https://files.pythonhosted.org/packages/0e/7c/faf643733e3ab677f180018f6a855c4ef70b7c46540987424c563c959e42/ijson-3.5.0-cp313-cp313t-win32.whl", hash = "sha256:59d3f9f46deed1332ad669518b8099920512a78bda64c1f021fcd2aff2b36693", size = 55282, upload-time = "2026-02-24T03:57:44.353Z" },
    { url = "https://files.pythonhosted.org/packages/69/22/94ddb47c24b491377aca06cd8fc9202cad6ab50619842457d2beefde21ea/ijson-3.5.0-cp313-cp313t-win_amd64.whl", hash = "sha256:5c2839fa233746d8aad3b8cd2354e441613f5df66d721d59da4a09394bd1db2b", size = 58016, upload-time = "2026-02-24T03:57:45.237Z" },
    { url = "https://files.pythonhosted.org/packages/7a/93/0868efe753dc1df80cc405cf0c1f2527a6991643607c741bff8dcb899b3b/ijson-3.5.0-cp314-cp314-macosx_10_15_universal2.whl", hash = "sha256:25a5a6b2045c90bb83061df27cfa43572afa43ba9408611d7bfe237c20a731a9", size = 89094, upload-time = "2026-02-24T03:57:46.115Z" },
    { url = "https://files.pythonhosted.org/packages/24/94/fd5a832a0df52ef5e4e740f14ac8640725d61034a1b0c561e8b5fb424706/ijson-3.5.0-cp314-cp314-macosx_10_15_x86_64.whl", hash = "sha256:8976c54c0b864bc82b951bae06567566ac77ef63b90a773a69cd73aab47f4f4f", size = 60715, upload-time = "2026-02-24T03:57:47.552Z" },
    { url = "https://files.pythonhosted.org/packages/70/79/1b9a90af5732491f9eec751ee211b86b11011e1158c555c06576d52c3919/ijson-3.5.0-cp314-cp314-macosx_11_0_arm64.whl", hash = "sha256:859eb2038f7f1b0664df4241957694cc35e6295992d71c98659b22c69b3cbc10", size = 60638, upload-time = "2026-02-24T03:57:48.428Z" },
    { url = "https://files.pythonhosted.org/packages/23/6f/2c551ea980fe56f68710a8d5389cfbd015fc45aaafd17c3c52c346db6aa1/ijson-3.5.0-cp314-cp314-manylinux1_i686.manylinux_2_28_i686.manylinux_2_5_i686.whl", hash = "sha256:c911aa02991c7c0d3639b6619b93a93210ff1e7f58bf7225d613abea10adc78e", size = 140667, upload-time = "2026-02-24T03:57:49.314Z" },
    { url = "https://files.pythonhosted.org/packages/25/0e/27b887879ba6a5bc29766e3c5af4942638c952220fd63e1e442674f7883a/ijson-3.5.0-cp314-cp314-manylinux2014_aarch64.manylinux_2_17_aarch64.manylinux_2_28_aarch64.whl", hash = "sha256:903cbdc350173605220edc19796fbea9b2203c8b3951fb7335abfa8ed37afda8", size = 149850, upload-time = "2026-02-24T03:57:50.329Z" },
    { url = "https://files.pythonhosted.org/packages/da/1e/23e10e1bc04bf31193b21e2960dce14b17dbd5d0c62204e8401c59d62c08/ijson-3.5.0-cp314-cp314-manylinux2014_x86_64.manylinux_2_17_x86_64.manylinux_2_28_x86_64.whl", hash = "sha256:a4549d96ded5b8efa71639b2160235415f6bdb8c83367615e2dbabcb72755c33", size = 149206, upload-time = "2026-02-24T03:57:51.261Z" },
    { url = "https://files.pythonhosted.org/packages/8e/90/e552f6495063b235cf7fa2c592f6597c057077195e517b842a0374fd470c/ijson-3.5.0-cp314-cp314-musllinux_1_2_aarch64.whl", hash = "sha256:6b2dcf6349e6042d83f3f8c39ce84823cf7577eba25bac5aae5e39bbbbbe9c1c", size = 150438, upload-time = "2026-02-24T03:57:52.198Z" },
    { url = "https://files.pythonhosted.org/packages/5c/18/45bf8f297c41b42a1c231d261141097babd953d2c28a07be57ae4c3a1a02/ijson-3.5.0-cp314-cp314-musllinux_1_2_i686.whl", hash = "sha256:e44af39e6f8a17e5627dcd89715d8279bf3474153ff99aae031a936e5c5572e5", size = 144369, upload-time = "2026-02-24T03:57:53.22Z" },
    { url = "https://files.pythonhosted.org/packages/9b/3a/deb9772bb2c0cead7ad64f00c3598eec9072bdf511818e70e2c512eeabbe/ijson-3.5.0-cp314-cp314-musllinux_1_2_x86_64.whl", hash = "sha256:9260332304b7e7828db56d43f08fc970a3ab741bf84ff10189361ea1b60c395b", size = 151352, upload-time = "2026-02-24T03:57:54.375Z" },
    { url = "https://files.pythonhosted.org/packages/e4/51/67f4d80cd58ad7eab0cd1af5fe28b961886338956b2f88c0979e21914346/ijson-3.5.0-cp314-cp314-win32.whl", hash = "sha256:63bc8121bb422f6969ced270173a3fa692c29d4ae30c860a2309941abd81012a", size = 53610, upload-time = "2026-02-24T03:57:55.655Z" },
    { url = "https://files.pythonhosted.org/packages/70/d3/263672ea22983ba3940f1534316dbc9200952c1c2a2332d7a664e4eaa7ae/ijson-3.5.0-cp314-cp314-win_amd64.whl", hash = "sha256:01b6dad72b7b7df225ef970d334556dfad46c696a2c6767fb5d9ed8889728bca", size = 56301, upload-time = "2026-02-24T03:57:56.584Z" },
    { url = "https://files.pythonhosted.org/packages/9f/d9/86f7fac35e0835faa188085ae0579e813493d5261ce056484015ad533445/ijson-3.5.0-cp314-cp314t-macosx_10_15_universal2.whl", hash = "sha256:2ea4b676ec98e374c1df400a47929859e4fa1239274339024df4716e802aa7e4", size = 93069, upload-time = "2026-02-24T03:57:57.849Z" },
    { url = "https://files.pythonhosted.org/packages/33/d2/e7366ed9c6e60228d35baf4404bac01a126e7775ea8ce57f560125ed190a/ijson-3.5.0-cp314-cp314t-macosx_10_15_x86_64.whl", hash = "sha256:014586eec043e23c80be9a923c56c3a0920a0f1f7d17478ce7bc20ba443968ef", size = 62767, upload-time = "2026-02-24T03:57:58.758Z" },
    { url = "https://files.pythonhosted.org/packages/35/8b/3e703e8cc4b3ada79f13b28070b51d9550c578f76d1968657905857b2ddd/ijson-3.5.0-cp314-cp314t-macosx_11_0_arm64.whl", hash = "sha256:d5b8b886b0248652d437f66e7c5ac318bbdcb2c7137a7e5327a68ca00b286f5f", size = 62467, upload-time = "2026-02-24T03:58:00.261Z" },
    { url = "https://files.pythonhosted.org/packages/21/42/0c91af32c1ee8a957fdac2e051b5780756d05fd34e4b60d94a08d51bac1d/ijson-3.5.0-cp314-cp314t-manylinux1_i686.manylinux_2_28_i686.manylinux_2_5_i686.whl", hash = "sha256:498fd46ae2349297e43acf97cdc421e711dbd7198418677259393d2acdc62d78", size = 200447, upload-time = "2026-02-24T03:58:01.591Z" },
    { url = "https://files.pythonhosted.org/packages/f9/80/796ea0e391b7e2d45c5b1b451734bba03f81c2984cf955ea5eaa6c4920ad/ijson-3.5.0-cp314-cp314t-manylinux2014_aarch64.manylinux_2_17_aarch64.manylinux_2_28_aarch64.whl", hash = "sha256:22a51b4f9b81f12793731cf226266d1de2112c3c04ba4a04117ad4e466897e05", size = 217820, upload-time = "2026-02-24T03:58:02.598Z" },
    { url = "https://files.pythonhosted.org/packages/38/14/52b6613fdda4078c62eb5b4fe3efc724ddc55a4ad524c93de51830107aa3/ijson-3.5.0-cp314-cp314t-manylinux2014_x86_64.manylinux_2_17_x86_64.manylinux_2_28_x86_64.whl", hash = "sha256:9636c710dc4ac4a281baa266a64f323b4cc165cec26836af702c44328b59a515", size = 208310, upload-time = "2026-02-24T03:58:04.759Z" },
    { url = "https://files.pythonhosted.org/packages/6a/ad/8b3105a78774fd4a65e534a21d975ef3a77e189489fe3029ebcaeba5e243/ijson-3.5.0-cp314-cp314t-musllinux_1_2_aarch64.whl", hash = "sha256:f7168a39e8211107666d71b25693fd1b2bac0b33735ef744114c403c6cac21e1", size = 211843, upload-time = "2026-02-24T03:58:05.836Z" },
    { url = "https://files.pythonhosted.org/packages/36/ab/a2739f6072d6e1160581bc3ed32da614c8cced023dcd519d9c5fa66e0425/ijson-3.5.0-cp314-cp314t-musllinux_1_2_i686.whl", hash = "sha256:8696454245415bc617ab03b0dc3ae4c86987df5dc6a90bad378fe72c5409d89e", size = 200906, upload-time = "2026-02-24T03:58:07.788Z" },
    { url = "https://files.pythonhosted.org/packages/6d/5e/e06c2de3c3d4a9cfb655c1ad08a68fb72838d271072cdd3196576ac4431a/ijson-3.5.0-cp314-cp314t-musllinux_1_2_x86_64.whl", hash = "sha256:c21bfb61f71f191565885bf1bc29e0a186292d866b4880637b833848360bdc1b", size = 205495, upload-time = "2026-02-24T03:58:09.163Z" },
    { url = "https://files.pythonhosted.org/packages/7c/11/778201eb2e202ddd76b36b0fb29bf3d8e3c167389d8aa883c62524e49f47/ijson-3.5.0-cp314-cp314t-win32.whl", hash = "sha256:a2619460d6795b70d0155e5bf016200ac8a63ab5397aa33588bb02b6c21759e6", size = 56280, upload-time = "2026-02-24T03:58:10.116Z" },
    { url = "https://files.pythonhosted.org/packages/23/28/96711503245339084c8086b892c47415895eba49782d6cc52d9f4ee50301/ijson-3.5.0-cp314-cp314t-win_amd64.whl", hash = "sha256:4f24b78d4ef028d17eb57ad1b16c0aed4a17bdd9badbf232dc5d9305b7e13854", size = 58965, upload-time = "2026-02-24T03:58:11.278Z" },
]

[[package]]
name = "kivy"
version = "2.3.1"
source = { registry = "https://pypi.org/simple" }
dependencies = [
    { name = "docutils" },
    { name = "filetype" },
    { name = "kivy-deps-angle", marker = "sys_platform == 'win32'" },
    { name = "kivy-deps-glew", marker = "sys_platform == 'win32'" },
    { name = "kivy-deps-sdl2", marker = "sys_platform == 'win32'" },
    { name = "kivy-garden" },
    { name = "pygments" },
    { name = "pypiwin32", marker = "sys_platform == 'win32'" },
    { name = "requests" },
]
sdist = { url = "https://files.pythonhosted.org/packages/de/48/c40f023dc103bdbd56db11facbb2d0ecbf4b019f7392875ee2a8227cb51e/Kivy-2.3.1.tar.gz", hash = "sha256:0833949e3502cdb4abcf9c1da4384674045ad7d85644313aa1ee7573f3b4f9d9", size = 23967306, upload-time = "2024-12-26T16:13:49.299Z" }
wheels = [
    { url = "https://files.pythonhosted.org/packages/c9/6c/2c7d7e9a1fe593de7e14cdd3eed8a17c22c62078ac41cfcde2e5f8af5f9c/Kivy-2.3.1-cp313-cp313-macosx_10_15_universal2.whl", hash = "sha256:d8d9e57501961c5d45e5a2c5af0caef24e48f43a0cd88f607eb3b517198cfec4", size = 11033253, upload-time = "2024-12-26T16:22:47.541Z" },
    { url = "https://files.pythonhosted.org/packages/df/62/12342de62d510bcc1a1e58d071c4830adf13b0787b2314b23c70add0e7ff/Kivy-2.3.1-cp313-cp313-manylinux_2_17_aarch64.manylinux2014_aarch64.whl", hash = "sha256:bfe25296e9612cbfa2b68cfb0ccd3c80db1441c11261a9e131d5f8fed7618c2c", size = 22514825, upload-time = "2024-12-26T18:28:01.921Z" },
    { url = "https://files.pythonhosted.org/packages/78/04/b00303f94bd6bc1a2cff274110ea843f9976c9b4f7b2eb7af87ddf49481e/Kivy-2.3.1-cp313-cp313-manylinux_2_17_x86_64.manylinux2014_x86_64.whl", hash = "sha256:950d17e275f817ca34cc7c9d55f9d229067e2f7fbd0fad985a74c94893f7e739", size = 22915702, upload-time = "2024-12-26T18:28:07.482Z" },
    { url = "https://files.pythonhosted.org/packages/ef/c3/76e559df7250c3e06abf682f6f9d0856299f21629d50c441006b3413a7d0/Kivy-2.3.1-cp313-cp313-win_amd64.whl", hash = "sha256:b5127af11c2fc1299f2331402fe4f6edb0985711c2841fbfdf509830c058c78e", size = 4540500, upload-time = "2024-12-26T16:13:34.158Z" },
]

[[package]]
name = "kivy-deps-angle"
version = "0.4.0"
source = { registry = "https://pypi.org/simple" }
wheels = [
    { url = "https://files.pythonhosted.org/packages/47/7e/ad805773fb76f07cb1bdf5147e66ba264a94f5ac54553cd9dee809a161bb/kivy_deps.angle-0.4.0-cp313-cp313-win_amd64.whl", hash = "sha256:9afbf702f8bb9a993c48f39c018ca3b4d2ec381a5d3f82fe65bdaa6af0bba29b", size = 5133260, upload-time = "2024-10-07T19:14:24.171Z" },
]

[[package]]
name = "kivy-deps-glew"
version = "0.3.1"
source = { registry = "https://pypi.org/simple" }
wheels = [
    { url = "https://files.pythonhosted.org/packages/21/99/e3478c34afed7a820b3348ce7fefc53f2034fa340348dca57162695e69d9/kivy_deps.glew-0.3.1-cp313-cp313-win_amd64.whl", hash = "sha256:f4aa8322078359862ccd9e16e5cea61976d75fb43125d87922e20c916fa31a11", size = 123595, upload-time = "2024-10-07T18:46:16.273Z" },
    { url = "https://files.pythonhosted.org/packages/6a/dc/dcb7716e511f49ab0c3b1f747a5fae2b67895359ea87994867b8ab41fe4c/kivy_deps_glew-0.3.1-cp314-cp314-win_amd64.whl", hash = "sha256:f12bd302dc65ed683bdc03cbbb301f23c2220d8837bca444529858a8b1767acc", size = 132402, upload-time = "2025-10-09T19:36:47.871Z" },
]

[[package]]
name = "kivy-deps-sdl2"
version = "0.8.0"
source = { registry = "https://pypi.org/simple" }
wheels = [
    { url = "https://files.pythonhosted.org/packages/9f/94/ef03ca62e042cd8e6a1455279622648c22cd891577b4ad980e1322dcb4ee/kivy_deps.sdl2-0.8.0-cp313-cp313-win_amd64.whl", hash = "sha256:56b1c44565b5e8cfc510585db13396edfc605965254f49ed8931189c546d481f", size = 4182250, upload-time = "2024-10-05T09:07:33.029Z" },
]

[[package]]
name = "kivy-garden"
version = "0.1.5"
source = { registry = "https://pypi.org/simple" }
dependencies = [
    { name = "requests" },
]
wheels = [
    { url = "https://files.pythonhosted.org/packages/6a/55/cd1555bde62f809219cbc5d8a0836b0293399da2f4ba4e8ee84b6a7cc393/Kivy_Garden-0.1.5-py3-none-any.whl", hash = "sha256:ef50f44b96358cf10ac5665f27a4751bb34ef54051c54b93af891f80afe42929", size = 4623, upload-time = "2022-03-23T23:25:33.752Z" },
]

[[package]]
name = "liuyao"
version = "0.1.0"
source = { virtual = "." }
dependencies = [
    { name = "ijson" },
    { name = "kivy" },
    { name = "tyme4py" },
]

[package.metadata]
requires-dist = [
    { name = "ijson", specifier = ">=3.5.0" },
    { name = "kivy", specifier = ">=2.3.1" },
    { name = "tyme4py", specifier = ">=1.4.4" },
]

[package.metadata.requires-dev]
dev = []

[[package]]
name = "pygments"
version = "2.19.2"
source = { registry = "https://pypi.org/simple" }
sdist = { url = "https://files.pythonhosted.org/packages/b0/77/a5b8c569bf593b0140bde72ea885a803b82086995367bf2037de0159d924/pygments-2.19.2.tar.gz", hash = "sha256:636cb2477cec7f8952536970bc533bc43743542f70392ae026374600add5b887", size = 4968631, upload-time = "2025-06-21T13:39:12.283Z" }
wheels = [
    { url = "https://files.pythonhosted.org/packages/c7/21/705964c7812476f378728bdf590ca4b771ec72385c533964653c68e86bdc/pygments-2.19.2-py3-none-any.whl", hash = "sha256:86540386c03d588bb81d44bc3928634ff26449851e99741617ecb9037ee5ec0b", size = 1225217, upload-time = "2025-06-21T13:39:07.939Z" },
]

[[package]]
name = "pypiwin32"
version = "223"
source = { registry = "https://pypi.org/simple" }
dependencies = [
    { name = "pywin32" },
]
sdist = { url = "https://files.pythonhosted.org/packages/13/e8/4f38eb30c4dae36634a53c5b2cd73b517ea3607e10d00f61f2494449cec0/pypiwin32-223.tar.gz", hash = "sha256:71be40c1fbd28594214ecaecb58e7aa8b708eabfa0125c8a109ebd51edbd776a", size = 622, upload-time = "2018-02-26T00:43:23.994Z" }
wheels = [
    { url = "https://files.pythonhosted.org/packages/d0/1b/2f292bbd742e369a100c91faa0483172cd91a1a422a6692055ac920946c5/pypiwin32-223-py3-none-any.whl", hash = "sha256:67adf399debc1d5d14dffc1ab5acacb800da569754fafdc576b2a039485aa775", size = 1674, upload-time = "2018-02-26T00:43:23.108Z" },
]

[[package]]
name = "pywin32"
version = "311"
source = { registry = "https://pypi.org/simple" }
wheels = [
    { url = "https://files.pythonhosted.org/packages/a5/be/3fd5de0979fcb3994bfee0d65ed8ca9506a8a1260651b86174f6a86f52b3/pywin32-311-cp313-cp313-win32.whl", hash = "sha256:f95ba5a847cba10dd8c4d8fefa9f2a6cf283b8b88ed6178fa8a6c1ab16054d0d", size = 8705700, upload-time = "2025-07-14T20:13:26.471Z" },
    { url = "https://files.pythonhosted.org/packages/e3/28/e0a1909523c6890208295a29e05c2adb2126364e289826c0a8bc7297bd5c/pywin32-311-cp313-cp313-win_amd64.whl", hash = "sha256:718a38f7e5b058e76aee1c56ddd06908116d35147e133427e59a3983f703a20d", size = 9494700, upload-time = "2025-07-14T20:13:28.243Z" },
    { url = "https://files.pythonhosted.org/packages/04/bf/90339ac0f55726dce7d794e6d79a18a91265bdf3aa70b6b9ca52f35e022a/pywin32-311-cp313-cp313-win_arm64.whl", hash = "sha256:7b4075d959648406202d92a2310cb990fea19b535c7f4a78d3f5e10b926eeb8a", size = 8709318, upload-time = "2025-07-14T20:13:30.348Z" },
    { url = "https://files.pythonhosted.org/packages/c9/31/097f2e132c4f16d99a22bfb777e0fd88bd8e1c634304e102f313af69ace5/pywin32-311-cp314-cp314-win32.whl", hash = "sha256:b7a2c10b93f8986666d0c803ee19b5990885872a7de910fc460f9b0c2fbf92ee", size = 8840714, upload-time = "2025-07-14T20:13:32.449Z" },
    { url = "https://files.pythonhosted.org/packages/90/4b/07c77d8ba0e01349358082713400435347df8426208171ce297da32c313d/pywin32-311-cp314-cp314-win_amd64.whl", hash = "sha256:3aca44c046bd2ed8c90de9cb8427f581c479e594e99b5c0bb19b29c10fd6cb87", size = 9656800, upload-time = "2025-07-14T20:13:34.312Z" },
    { url = "https://files.pythonhosted.org/packages/c0/d2/21af5c535501a7233e734b8af901574572da66fcc254cb35d0609c9080dd/pywin32-311-cp314-cp314-win_arm64.whl", hash = "sha256:a508e2d9025764a8270f93111a970e1d0fbfc33f4153b388bb649b7eec4f9b42", size = 8932540, upload-time = "2025-07-14T20:13:36.379Z" },
]

[[package]]
name = "requests"
version = "2.32.5"
source = { registry = "https://pypi.org/simple" }
dependencies = [
    { name = "certifi" },
    { name = "charset-normalizer" },
    { name = "idna" },
    { name = "urllib3" },
]
sdist = { url = "https://files.pythonhosted.org/packages/c9/74/b3ff8e6c8446842c3f5c837e9c3dfcfe2018ea6ecef224c710c85ef728f4/requests-2.32.5.tar.gz", hash = "sha256:dbba0bac56e100853db0ea71b82b4dfd5fe2bf6d3754a8893c3af500cec7d7cf", size = 134517, upload-time = "2025-08-18T20:46:02.573Z" }
wheels = [
    { url = "https://files.pythonhosted.org/packages/1e/db/4254e3eabe8020b458f1a747140d32277ec7a271daf1d235b70dc0b4e6e3/requests-2.32.5-py3-none-any.whl", hash = "sha256:2462f94637a34fd532264295e186976db0f5d453d1cdd31473c85a6a161affb6", size = 64738, upload-time = "2025-08-18T20:46:00.542Z" },
]

[[package]]
name = "tyme4py"
version = "1.4.4"
source = { registry = "https://pypi.org/simple" }
sdist = { url = "https://files.pythonhosted.org/packages/8b/f2/d644fea8672da0817aa77238356c942a878413a8184902d8a626734d3d57/tyme4py-1.4.4.tar.gz", hash = "sha256:e795abdbff521035efe63b6b210bfdafae59774fbdc64289243ac03a93f2f0ab", size = 100745, upload-time = "2026-02-09T10:21:45.962Z" }

[[package]]
name = "urllib3"
version = "2.6.3"
source = { registry = "https://pypi.org/simple" }
sdist = { url = "https://files.pythonhosted.org/packages/c7/24/5f1b3bdffd70275f6661c76461e25f024d5a38a46f04aaca912426a2b1d3/urllib3-2.6.3.tar.gz", hash = "sha256:1b62b6884944a57dbe321509ab94fd4d3b307075e0c2eae991ac71ee15ad38ed", size = 435556, upload-time = "2026-01-07T16:24:43.925Z" }
wheels = [
    { url = "https://files.pythonhosted.org/packages/39/08/aaaad47bc4e9dc8c725e68f9d04865dbcb2052843ff09c97b08904852d84/urllib3-2.6.3-py3-none-any.whl", hash = "sha256:bf272323e553dfb2e87d9bfd225ca7b0f467b919d7bbd355436d3fd37cb0acd4", size = 131584, upload-time = "2026-01-07T16:24:42.685Z" },
]
